{
  "requires": true,
  "lockfileVersion": 1,
  "dependencies": {
    "alert-xbox": {
      "version": "1.0.0",
      "resolved": "https://registry.npmjs.org/alert-xbox/-/alert-xbox-1.0.0.tgz",
      "integrity": "sha512-XE9DOBGstTQ2WNHwrw3TTZ1Fzzia0A4udb02YZUKZfmh3sngACMQnZUtxeB2HHSQ5TN7GIdoRrg/L0M2tNjCZg=="
    }
  }
}
